
Microsoft Visual Studio Solution File, Format Version 12.00
# Visual Studio 15
VisualStudioVersion = 15.0.28307.329
MinimumVisualStudioVersion = 10.0.40219.1
Project("{FAE04EC0-301F-11D3-BF4B-00C04F79EFBC}") = "Problem Resolution", "Problem Resolution\Problem Resolution.csproj", "{60204D78-1AEE-4B96-A195-B72C317D516C}"
EndProject
Global
	GlobalSection(SolutionConfigurationPlatforms) = preSolution
		Debug|Any CPU = Debug|Any CPU
		Release|Any CPU = Release|Any CPU
	EndGlobalSection
	GlobalSection(ProjectConfigurationPlatforms) = postSolution
		{60204D78-1AEE-4B96-A195-B72C317D516C}.Debug|Any CPU.ActiveCfg = Debug|Any CPU
		{60204D78-1AEE-4B96-A195-B72C317D516C}.Debug|Any CPU.Build.0 = Debug|Any CPU
		{60204D78-1AEE-4B96-A195-B72C317D516C}.Release|Any CPU.ActiveCfg = Release|Any CPU
		{60204D78-1AEE-4B96-A195-B72C317D516C}.Release|Any CPU.Build.0 = Release|Any CPU
	EndGlobalSection
	GlobalSection(SolutionProperties) = preSolution
		HideSolutionNode = FALSE
	EndGlobalSection
	GlobalSection(ExtensibilityGlobals) = postSolution
		SolutionGuid = {7936579B-AE09-45CE-B40F-8E86E9CB5551}
	EndGlobalSection
EndGlobal
