
Microsoft Visual Studio Solution File, Format Version 12.00
# Visual Studio 15
VisualStudioVersion = 15.0.28307.329
MinimumVisualStudioVersion = 10.0.40219.1
Project("{FAE04EC0-301F-11D3-BF4B-00C04F79EFBC}") = "ProblemResolution", "ProblemResolution\ProblemResolution.csproj", "{D98665B9-CFE0-494B-9540-8C8A4EC7776F}"
EndProject
Global
	GlobalSection(SolutionConfigurationPlatforms) = preSolution
		Debug|Any CPU = Debug|Any CPU
		Release|Any CPU = Release|Any CPU
	EndGlobalSection
	GlobalSection(ProjectConfigurationPlatforms) = postSolution
		{D98665B9-CFE0-494B-9540-8C8A4EC7776F}.Debug|Any CPU.ActiveCfg = Debug|Any CPU
		{D98665B9-CFE0-494B-9540-8C8A4EC7776F}.Debug|Any CPU.Build.0 = Debug|Any CPU
		{D98665B9-CFE0-494B-9540-8C8A4EC7776F}.Release|Any CPU.ActiveCfg = Release|Any CPU
		{D98665B9-CFE0-494B-9540-8C8A4EC7776F}.Release|Any CPU.Build.0 = Release|Any CPU
	EndGlobalSection
	GlobalSection(SolutionProperties) = preSolution
		HideSolutionNode = FALSE
	EndGlobalSection
	GlobalSection(ExtensibilityGlobals) = postSolution
		SolutionGuid = {381F1132-74B6-4348-BFE1-1CD7FCB6EF40}
	EndGlobalSection
EndGlobal
