
Microsoft Visual Studio Solution File, Format Version 12.00
# Visual Studio 15
VisualStudioVersion = 15.0.28307.329
MinimumVisualStudioVersion = 10.0.40219.1
Project("{FAE04EC0-301F-11D3-BF4B-00C04F79EFBC}") = "Resolution", "Resolution\Resolution.csproj", "{83D24B6F-CB06-4F4D-A86D-DA95D0189C7B}"
EndProject
Global
	GlobalSection(SolutionConfigurationPlatforms) = preSolution
		Debug|Any CPU = Debug|Any CPU
		Release|Any CPU = Release|Any CPU
	EndGlobalSection
	GlobalSection(ProjectConfigurationPlatforms) = postSolution
		{83D24B6F-CB06-4F4D-A86D-DA95D0189C7B}.Debug|Any CPU.ActiveCfg = Debug|Any CPU
		{83D24B6F-CB06-4F4D-A86D-DA95D0189C7B}.Debug|Any CPU.Build.0 = Debug|Any CPU
		{83D24B6F-CB06-4F4D-A86D-DA95D0189C7B}.Release|Any CPU.ActiveCfg = Release|Any CPU
		{83D24B6F-CB06-4F4D-A86D-DA95D0189C7B}.Release|Any CPU.Build.0 = Release|Any CPU
	EndGlobalSection
	GlobalSection(SolutionProperties) = preSolution
		HideSolutionNode = FALSE
	EndGlobalSection
	GlobalSection(ExtensibilityGlobals) = postSolution
		SolutionGuid = {C3ACFCF8-8ED0-4330-9D70-7033696A80C2}
	EndGlobalSection
EndGlobal
